
Microsoft Visual Studio Solution File, Format Version 12.00
# Visual Studio Version 17
VisualStudioVersion = 17.0.32126.317
MinimumVisualStudioVersion = 10.0.40219.1
Project("{9A19103F-16F7-4668-BE54-9A1E7A4F7556}") = "ShaqTamaraAPI", "ShaqTamaraAPI\ShaqTamaraAPI.csproj", "{71BBDD17-7647-4D36-BCD7-CFD44DACCC05}"
EndProject
Project("{2150E333-8FDC-42A3-9474-1A3956D46DE8}") = "Solution Items", "Solution Items", "{F094270B-EC31-44B5-9B9B-FF2982F343D8}"
	ProjectSection(SolutionItems) = preProject
		.gitignore = .gitignore
	EndProjectSection
EndProject
Global
	GlobalSection(SolutionConfigurationPlatforms) = preSolution
		Debug|Any CPU = Debug|Any CPU
		Release|Any CPU = Release|Any CPU
	EndGlobalSection
	GlobalSection(ProjectConfigurationPlatforms) = postSolution
		{71BBDD17-7647-4D36-BCD7-CFD44DACCC05}.Debug|Any CPU.ActiveCfg = Debug|Any CPU
		{71BBDD17-7647-4D36-BCD7-CFD44DACCC05}.Debug|Any CPU.Build.0 = Debug|Any CPU
		{71BBDD17-7647-4D36-BCD7-CFD44DACCC05}.Release|Any CPU.ActiveCfg = Release|Any CPU
		{71BBDD17-7647-4D36-BCD7-CFD44DACCC05}.Release|Any CPU.Build.0 = Release|Any CPU
	EndGlobalSection
	GlobalSection(SolutionProperties) = preSolution
		HideSolutionNode = FALSE
	EndGlobalSection
	GlobalSection(ExtensibilityGlobals) = postSolution
		SolutionGuid = {5F589AD0-EF12-4A82-B249-CFFDF137B922}
	EndGlobalSection
EndGlobal
